// !$*UTF8*$!
{
	archiveVersion = 1;
	classes = {
	};
	objectVersion = 50;
	objects = {

/* Begin PBXBuildFile section */
		0670AF1424E066650044A480 /* SSRadioButton.swift in Sources */ = {isa = PBXBuildFile; fileRef = 0670AF1224E066650044A480 /* SSRadioButton.swift */; };
		0670AF1524E066650044A480 /* SSRadioButtonsController.swift in Sources */ = {isa = PBXBuildFile; fileRef = 0670AF1324E066650044A480 /* SSRadioButtonsController.swift */; };
		067CEBCA24E239F300718007 /* SpinnerViewController.swift in Sources */ = {isa = PBXBuildFile; fileRef = 067CEBC924E239F300718007 /* SpinnerViewController.swift */; };
		067CEBCC24E58D5900718007 /* MFController.swift in Sources */ = {isa = PBXBuildFile; fileRef = 067CEBCB24E58D5900718007 /* MFController.swift */; };
		067CEC7A250D650B00718007 /* 3c.mp3 in Resources */ = {isa = PBXBuildFile; fileRef = 067CEC55250D650600718007 /* 3c.mp3 */; };
		067CEC7B250D650B00718007 /* 1b.mp3 in Resources */ = {isa = PBXBuildFile; fileRef = 067CEC56250D650600718007 /* 1b.mp3 */; };
		067CEC7C250D650B00718007 /* 2d.mp3 in Resources */ = {isa = PBXBuildFile; fileRef = 067CEC57250D650600718007 /* 2d.mp3 */; };
		067CEC7D250D650B00718007 /* theme3.mp3 in Resources */ = {isa = PBXBuildFile; fileRef = 067CEC58250D650600718007 /* theme3.mp3 */; };
		067CEC7E250D650B00718007 /* 7b.mp3 in Resources */ = {isa = PBXBuildFile; fileRef = 067CEC59250D650600718007 /* 7b.mp3 */; };
		067CEC7F250D650B00718007 /* 3a.mp3 in Resources */ = {isa = PBXBuildFile; fileRef = 067CEC5A250D650600718007 /* 3a.mp3 */; };
		067CEC80250D650B00718007 /* 7c.mp3 in Resources */ = {isa = PBXBuildFile; fileRef = 067CEC5B250D650700718007 /* 7c.mp3 */; };
		067CEC81250D650B00718007 /* 4c.mp3 in Resources */ = {isa = PBXBuildFile; fileRef = 067CEC5C250D650700718007 /* 4c.mp3 */; };
		067CEC82250D650B00718007 /* 8c.mp3 in Resources */ = {isa = PBXBuildFile; fileRef = 067CEC5D250D650700718007 /* 8c.mp3 */; };
		067CEC83250D650B00718007 /* theme2.mp3 in Resources */ = {isa = PBXBuildFile; fileRef = 067CEC5E250D650700718007 /* theme2.mp3 */; };
		067CEC84250D650B00718007 /* 6c.mp3 in Resources */ = {isa = PBXBuildFile; fileRef = 067CEC5F250D650700718007 /* 6c.mp3 */; };
		067CEC85250D650B00718007 /* 4b.mp3 in Resources */ = {isa = PBXBuildFile; fileRef = 067CEC60250D650700718007 /* 4b.mp3 */; };
		067CEC86250D650B00718007 /* 5d.mp3 in Resources */ = {isa = PBXBuildFile; fileRef = 067CEC61250D650700718007 /* 5d.mp3 */; };
		067CEC87250D650B00718007 /* 4d.mp3 in Resources */ = {isa = PBXBuildFile; fileRef = 067CEC62250D650800718007 /* 4d.mp3 */; };
		067CEC88250D650B00718007 /* 5c.mp3 in Resources */ = {isa = PBXBuildFile; fileRef = 067CEC63250D650800718007 /* 5c.mp3 */; };
		067CEC89250D650B00718007 /* 2b.mp3 in Resources */ = {isa = PBXBuildFile; fileRef = 067CEC64250D650800718007 /* 2b.mp3 */; };
		067CEC8A250D650B00718007 /* 1c.mp3 in Resources */ = {isa = PBXBuildFile; fileRef = 067CEC65250D650800718007 /* 1c.mp3 */; };
		067CEC8B250D650B00718007 /* 8a.mp3 in Resources */ = {isa = PBXBuildFile; fileRef = 067CEC66250D650800718007 /* 8a.mp3 */; };
		067CEC8C250D650B00718007 /* 6b.mp3 in Resources */ = {isa = PBXBuildFile; fileRef = 067CEC67250D650800718007 /* 6b.mp3 */; };
		067CEC8D250D650B00718007 /* 4a.mp3 in Resources */ = {isa = PBXBuildFile; fileRef = 067CEC68250D650900718007 /* 4a.mp3 */; };
		067CEC8E250D650B00718007 /* 8b.mp3 in Resources */ = {isa = PBXBuildFile; fileRef = 067CEC69250D650900718007 /* 8b.mp3 */; };
		067CEC8F250D650B00718007 /* 6d.mp3 in Resources */ = {isa = PBXBuildFile; fileRef = 067CEC6A250D650900718007 /* 6d.mp3 */; };
		067CEC90250D650B00718007 /* 6a.mp3 in Resources */ = {isa = PBXBuildFile; fileRef = 067CEC6B250D650900718007 /* 6a.mp3 */; };
		067CEC91250D650B00718007 /* 7a.mp3 in Resources */ = {isa = PBXBuildFile; fileRef = 067CEC6C250D650900718007 /* 7a.mp3 */; };
		067CEC92250D650B00718007 /* 3d.mp3 in Resources */ = {isa = PBXBuildFile; fileRef = 067CEC6D250D650900718007 /* 3d.mp3 */; };
		067CEC93250D650B00718007 /* 1d.mp3 in Resources */ = {isa = PBXBuildFile; fileRef = 067CEC6E250D650900718007 /* 1d.mp3 */; };
		067CEC94250D650B00718007 /* 2a.mp3 in Resources */ = {isa = PBXBuildFile; fileRef = 067CEC6F250D650900718007 /* 2a.mp3 */; };
		067CEC95250D650B00718007 /* 5b.mp3 in Resources */ = {isa = PBXBuildFile; fileRef = 067CEC70250D650900718007 /* 5b.mp3 */; };
		067CEC96250D650B00718007 /* 5a.mp3 in Resources */ = {isa = PBXBuildFile; fileRef = 067CEC71250D650A00718007 /* 5a.mp3 */; };
		067CEC97250D650B00718007 /* 0.mp3 in Resources */ = {isa = PBXBuildFile; fileRef = 067CEC72250D650A00718007 /* 0.mp3 */; };
		067CEC98250D650B00718007 /* 1a.mp3 in Resources */ = {isa = PBXBuildFile; fileRef = 067CEC73250D650A00718007 /* 1a.mp3 */; };
		067CEC99250D650B00718007 /* 2c.mp3 in Resources */ = {isa = PBXBuildFile; fileRef = 067CEC74250D650A00718007 /* 2c.mp3 */; };
		067CEC9A250D650B00718007 /* theme1.mp3 in Resources */ = {isa = PBXBuildFile; fileRef = 067CEC75250D650A00718007 /* theme1.mp3 */; };
		067CEC9B250D650B00718007 /* 3b.mp3 in Resources */ = {isa = PBXBuildFile; fileRef = 067CEC76250D650A00718007 /* 3b.mp3 */; };
		067CEC9C250D650B00718007 /* 7d.mp3 in Resources */ = {isa = PBXBuildFile; fileRef = 067CEC77250D650A00718007 /* 7d.mp3 */; };
		067CEC9D250D650B00718007 /* 8d.mp3 in Resources */ = {isa = PBXBuildFile; fileRef = 067CEC78250D650A00718007 /* 8d.mp3 */; };
		067CEC9E250D650B00718007 /* theme4.mp3 in Resources */ = {isa = PBXBuildFile; fileRef = 067CEC79250D650B00718007 /* theme4.mp3 */; };
		067CECA0250D656F00718007 /* loading-big.gif in Resources */ = {isa = PBXBuildFile; fileRef = 067CEC9F250D656F00718007 /* loading-big.gif */; };
		06C5AB7024D9D61B001D5556 /* VideoController.swift in Sources */ = {isa = PBXBuildFile; fileRef = 06C5AB6F24D9D61B001D5556 /* VideoController.swift */; };
		06C5AB7224D9D88C001D5556 /* VideoViewController.swift in Sources */ = {isa = PBXBuildFile; fileRef = 06C5AB7124D9D88C001D5556 /* VideoViewController.swift */; };
		06C5AB8424D9DAEB001D5556 /* PreviewView.swift in Sources */ = {isa = PBXBuildFile; fileRef = 06C5AB7F24D9DAEB001D5556 /* PreviewView.swift */; };
		06C5AB8524D9DAEB001D5556 /* SwiftyCamViewController.swift in Sources */ = {isa = PBXBuildFile; fileRef = 06C5AB8024D9DAEB001D5556 /* SwiftyCamViewController.swift */; };
		06C5AB8624D9DAEB001D5556 /* SwiftyCamButton.swift in Sources */ = {isa = PBXBuildFile; fileRef = 06C5AB8124D9DAEB001D5556 /* SwiftyCamButton.swift */; };
		06C5AB8724D9DAEB001D5556 /* Orientation.swift in Sources */ = {isa = PBXBuildFile; fileRef = 06C5AB8224D9DAEB001D5556 /* Orientation.swift */; };
		06C5AB8824D9DAEB001D5556 /* SwiftyCamViewControllerDelegate.swift in Sources */ = {isa = PBXBuildFile; fileRef = 06C5AB8324D9DAEB001D5556 /* SwiftyCamViewControllerDelegate.swift */; };
		06C5AB8A24D9DB1C001D5556 /* SwiftyRecordButton.swift in Sources */ = {isa = PBXBuildFile; fileRef = 06C5AB8924D9DB1C001D5556 /* SwiftyRecordButton.swift */; };
		06C5AC6224DF0153001D5556 /* PlayController.swift in Sources */ = {isa = PBXBuildFile; fileRef = 06C5AC6124DF0153001D5556 /* PlayController.swift */; };
		06FD965B23441DA300C4E81D /* Variables.swift in Sources */ = {isa = PBXBuildFile; fileRef = 06FD965A23441DA300C4E81D /* Variables.swift */; };
		AE9A1663223D9C2600E06531 /* NameViewController.swift in Sources */ = {isa = PBXBuildFile; fileRef = AE9A1662223D9C2600E06531 /* NameViewController.swift */; };
		AEDF12C2223C161C008A702D /* AppDelegate.swift in Sources */ = {isa = PBXBuildFile; fileRef = AEDF12C1223C161C008A702D /* AppDelegate.swift */; };
		AEDF12C4223C161C008A702D /* ViewController.swift in Sources */ = {isa = PBXBuildFile; fileRef = AEDF12C3223C161C008A702D /* ViewController.swift */; };
		AEDF12C7223C161C008A702D /* Main.storyboard in Resources */ = {isa = PBXBuildFile; fileRef = AEDF12C5223C161C008A702D /* Main.storyboard */; };
		AEDF12C9223C161D008A702D /* Assets.xcassets in Resources */ = {isa = PBXBuildFile; fileRef = AEDF12C8223C161D008A702D /* Assets.xcassets */; };
		AEDF12CC223C161D008A702D /* LaunchScreen.storyboard in Resources */ = {isa = PBXBuildFile; fileRef = AEDF12CA223C161D008A702D /* LaunchScreen.storyboard */; };
		AEDF12D8223C1F60008A702D /* Question.swift in Sources */ = {isa = PBXBuildFile; fileRef = AEDF12D7223C1F60008A702D /* Question.swift */; };
		AEDF12DA223C2467008A702D /* QuestionBank.swift in Sources */ = {isa = PBXBuildFile; fileRef = AEDF12D9223C2467008A702D /* QuestionBank.swift */; };
		AEDF12FC223C3388008A702D /* Default-568h@2x.png in Resources */ = {isa = PBXBuildFile; fileRef = AEDF12FB223C3388008A702D /* Default-568h@2x.png */; };
/* End PBXBuildFile section */

/* Begin PBXCopyFilesBuildPhase section */
		06C5ABD824DC7156001D5556 /* Embed Frameworks */ = {
			isa = PBXCopyFilesBuildPhase;
			buildActionMask = 2147483647;
			dstPath = "";
			dstSubfolderSpec = 10;
			files = (
			);
			name = "Embed Frameworks";
			runOnlyForDeploymentPostprocessing = 0;
		};
/* End PBXCopyFilesBuildPhase section */

/* Begin PBXFileReference section */
		0670AF1224E066650044A480 /* SSRadioButton.swift */ = {isa = PBXFileReference; fileEncoding = 4; lastKnownFileType = sourcecode.swift; name = SSRadioButton.swift; path = "../../../../Downloads/SSRadioButtonsController-master/SSRadioButtonController/SSRadioButton.swift"; sourceTree = "<group>"; };
		0670AF1324E066650044A480 /* SSRadioButtonsController.swift */ = {isa = PBXFileReference; fileEncoding = 4; lastKnownFileType = sourcecode.swift; name = SSRadioButtonsController.swift; path = "../../../../Downloads/SSRadioButtonsController-master/SSRadioButtonController/SSRadioButtonsController.swift"; sourceTree = "<group>"; };
		067CEBC924E239F300718007 /* SpinnerViewController.swift */ = {isa = PBXFileReference; lastKnownFileType = sourcecode.swift; path = SpinnerViewController.swift; sourceTree = "<group>"; };
		067CEBCB24E58D5900718007 /* MFController.swift */ = {isa = PBXFileReference; lastKnownFileType = sourcecode.swift; path = MFController.swift; sourceTree = "<group>"; };
		067CEC55250D650600718007 /* 3c.mp3 */ = {isa = PBXFileReference; lastKnownFileType = audio.mp3; name = 3c.mp3; path = ../../Desktop/songFiles/3c.mp3; sourceTree = "<group>"; };
		067CEC56250D650600718007 /* 1b.mp3 */ = {isa = PBXFileReference; lastKnownFileType = audio.mp3; name = 1b.mp3; path = ../../Desktop/songFiles/1b.mp3; sourceTree = "<group>"; };
		067CEC57250D650600718007 /* 2d.mp3 */ = {isa = PBXFileReference; lastKnownFileType = audio.mp3; name = 2d.mp3; path = ../../Desktop/songFiles/2d.mp3; sourceTree = "<group>"; };
		067CEC58250D650600718007 /* theme3.mp3 */ = {isa = PBXFileReference; lastKnownFileType = audio.mp3; name = theme3.mp3; path = ../../Desktop/songFiles/theme3.mp3; sourceTree = "<group>"; };
		067CEC59250D650600718007 /* 7b.mp3 */ = {isa = PBXFileReference; lastKnownFileType = audio.mp3; name = 7b.mp3; path = ../../Desktop/songFiles/7b.mp3; sourceTree = "<group>"; };
		067CEC5A250D650600718007 /* 3a.mp3 */ = {isa = PBXFileReference; lastKnownFileType = audio.mp3; name = 3a.mp3; path = ../../Desktop/songFiles/3a.mp3; sourceTree = "<group>"; };
		067CEC5B250D650700718007 /* 7c.mp3 */ = {isa = PBXFileReference; lastKnownFileType = audio.mp3; name = 7c.mp3; path = ../../Desktop/songFiles/7c.mp3; sourceTree = "<group>"; };
		067CEC5C250D650700718007 /* 4c.mp3 */ = {isa = PBXFileReference; lastKnownFileType = audio.mp3; name = 4c.mp3; path = ../../Desktop/songFiles/4c.mp3; sourceTree = "<group>"; };
		067CEC5D250D650700718007 /* 8c.mp3 */ = {isa = PBXFileReference; lastKnownFileType = audio.mp3; name = 8c.mp3; path = ../../Desktop/songFiles/8c.mp3; sourceTree = "<group>"; };
		067CEC5E250D650700718007 /* theme2.mp3 */ = {isa = PBXFileReference; lastKnownFileType = audio.mp3; name = theme2.mp3; path = ../../Desktop/songFiles/theme2.mp3; sourceTree = "<group>"; };
		067CEC5F250D650700718007 /* 6c.mp3 */ = {isa = PBXFileReference; lastKnownFileType = audio.mp3; name = 6c.mp3; path = ../../Desktop/songFiles/6c.mp3; sourceTree = "<group>"; };
		067CEC60250D650700718007 /* 4b.mp3 */ = {isa = PBXFileReference; lastKnownFileType = audio.mp3; name = 4b.mp3; path = ../../Desktop/songFiles/4b.mp3; sourceTree = "<group>"; };
		067CEC61250D650700718007 /* 5d.mp3 */ = {isa = PBXFileReference; lastKnownFileType = audio.mp3; name = 5d.mp3; path = ../../Desktop/songFiles/5d.mp3; sourceTree = "<group>"; };
		067CEC62250D650800718007 /* 4d.mp3 */ = {isa = PBXFileReference; lastKnownFileType = audio.mp3; name = 4d.mp3; path = ../../Desktop/songFiles/4d.mp3; sourceTree = "<group>"; };
		067CEC63250D650800718007 /* 5c.mp3 */ = {isa = PBXFileReference; lastKnownFileType = audio.mp3; name = 5c.mp3; path = ../../Desktop/songFiles/5c.mp3; sourceTree = "<group>"; };
		067CEC64250D650800718007 /* 2b.mp3 */ = {isa = PBXFileReference; lastKnownFileType = audio.mp3; name = 2b.mp3; path = ../../Desktop/songFiles/2b.mp3; sourceTree = "<group>"; };
		067CEC65250D650800718007 /* 1c.mp3 */ = {isa = PBXFileReference; lastKnownFileType = audio.mp3; name = 1c.mp3; path = ../../Desktop/songFiles/1c.mp3; sourceTree = "<group>"; };
		067CEC66250D650800718007 /* 8a.mp3 */ = {isa = PBXFileReference; lastKnownFileType = audio.mp3; name = 8a.mp3; path = ../../Desktop/songFiles/8a.mp3; sourceTree = "<group>"; };
		067CEC67250D650800718007 /* 6b.mp3 */ = {isa = PBXFileReference; lastKnownFileType = audio.mp3; name = 6b.mp3; path = ../../Desktop/songFiles/6b.mp3; sourceTree = "<group>"; };
		067CEC68250D650900718007 /* 4a.mp3 */ = {isa = PBXFileReference; lastKnownFileType = audio.mp3; name = 4a.mp3; path = ../../Desktop/songFiles/4a.mp3; sourceTree = "<group>"; };
		067CEC69250D650900718007 /* 8b.mp3 */ = {isa = PBXFileReference; lastKnownFileType = audio.mp3; name = 8b.mp3; path = ../../Desktop/songFiles/8b.mp3; sourceTree = "<group>"; };
		067CEC6A250D650900718007 /* 6d.mp3 */ = {isa = PBXFileReference; lastKnownFileType = audio.mp3; name = 6d.mp3; path = ../../Desktop/songFiles/6d.mp3; sourceTree = "<group>"; };
		067CEC6B250D650900718007 /* 6a.mp3 */ = {isa = PBXFileReference; lastKnownFileType = audio.mp3; name = 6a.mp3; path = ../../Desktop/songFiles/6a.mp3; sourceTree = "<group>"; };
		067CEC6C250D650900718007 /* 7a.mp3 */ = {isa = PBXFileReference; lastKnownFileType = audio.mp3; name = 7a.mp3; path = ../../Desktop/songFiles/7a.mp3; sourceTree = "<group>"; };
		067CEC6D250D650900718007 /* 3d.mp3 */ = {isa = PBXFileReference; lastKnownFileType = audio.mp3; name = 3d.mp3; path = ../../Desktop/songFiles/3d.mp3; sourceTree = "<group>"; };
		067CEC6E250D650900718007 /* 1d.mp3 */ = {isa = PBXFileReference; lastKnownFileType = audio.mp3; name = 1d.mp3; path = ../../Desktop/songFiles/1d.mp3; sourceTree = "<group>"; };
		067CEC6F250D650900718007 /* 2a.mp3 */ = {isa = PBXFileReference; lastKnownFileType = audio.mp3; name = 2a.mp3; path = ../../Desktop/songFiles/2a.mp3; sourceTree = "<group>"; };
		067CEC70250D650900718007 /* 5b.mp3 */ = {isa = PBXFileReference; lastKnownFileType = audio.mp3; name = 5b.mp3; path = ../../Desktop/songFiles/5b.mp3; sourceTree = "<group>"; };
		067CEC71250D650A00718007 /* 5a.mp3 */ = {isa = PBXFileReference; lastKnownFileType = audio.mp3; name = 5a.mp3; path = ../../Desktop/songFiles/5a.mp3; sourceTree = "<group>"; };
		067CEC72250D650A00718007 /* 0.mp3 */ = {isa = PBXFileReference; lastKnownFileType = audio.mp3; name = 0.mp3; path = ../../Desktop/songFiles/0.mp3; sourceTree = "<group>"; };
		067CEC73250D650A00718007 /* 1a.mp3 */ = {isa = PBXFileReference; lastKnownFileType = audio.mp3; name = 1a.mp3; path = ../../Desktop/songFiles/1a.mp3; sourceTree = "<group>"; };
		067CEC74250D650A00718007 /* 2c.mp3 */ = {isa = PBXFileReference; lastKnownFileType = audio.mp3; name = 2c.mp3; path = ../../Desktop/songFiles/2c.mp3; sourceTree = "<group>"; };
		067CEC75250D650A00718007 /* theme1.mp3 */ = {isa = PBXFileReference; lastKnownFileType = audio.mp3; name = theme1.mp3; path = ../../Desktop/songFiles/theme1.mp3; sourceTree = "<group>"; };
		067CEC76250D650A00718007 /* 3b.mp3 */ = {isa = PBXFileReference; lastKnownFileType = audio.mp3; name = 3b.mp3; path = ../../Desktop/songFiles/3b.mp3; sourceTree = "<group>"; };
		067CEC77250D650A00718007 /* 7d.mp3 */ = {isa = PBXFileReference; lastKnownFileType = audio.mp3; name = 7d.mp3; path = ../../Desktop/songFiles/7d.mp3; sourceTree = "<group>"; };
		067CEC78250D650A00718007 /* 8d.mp3 */ = {isa = PBXFileReference; lastKnownFileType = audio.mp3; name = 8d.mp3; path = ../../Desktop/songFiles/8d.mp3; sourceTree = "<group>"; };
		067CEC79250D650B00718007 /* theme4.mp3 */ = {isa = PBXFileReference; lastKnownFileType = audio.mp3; name = theme4.mp3; path = ../../Desktop/songFiles/theme4.mp3; sourceTree = "<group>"; };
		067CEC9F250D656F00718007 /* loading-big.gif */ = {isa = PBXFileReference; lastKnownFileType = image.gif; name = "loading-big.gif"; path = "Assets/loading-big.gif"; sourceTree = "<group>"; };
		06C5AB6F24D9D61B001D5556 /* VideoController.swift */ = {isa = PBXFileReference; lastKnownFileType = sourcecode.swift; path = VideoController.swift; sourceTree = "<group>"; };
		06C5AB7124D9D88C001D5556 /* VideoViewController.swift */ = {isa = PBXFileReference; lastKnownFileType = sourcecode.swift; path = VideoViewController.swift; sourceTree = "<group>"; };
		06C5AB7F24D9DAEB001D5556 /* PreviewView.swift */ = {isa = PBXFileReference; fileEncoding = 4; lastKnownFileType = sourcecode.swift; name = PreviewView.swift; path = "../../../../Downloads/SwiftyCam-master/Source/PreviewView.swift"; sourceTree = "<group>"; };
		06C5AB8024D9DAEB001D5556 /* SwiftyCamViewController.swift */ = {isa = PBXFileReference; fileEncoding = 4; lastKnownFileType = sourcecode.swift; name = SwiftyCamViewController.swift; path = "../../../../Downloads/SwiftyCam-master/Source/SwiftyCamViewController.swift"; sourceTree = "<group>"; };
		06C5AB8124D9DAEB001D5556 /* SwiftyCamButton.swift */ = {isa = PBXFileReference; fileEncoding = 4; lastKnownFileType = sourcecode.swift; name = SwiftyCamButton.swift; path = "../../../../Downloads/SwiftyCam-master/Source/SwiftyCamButton.swift"; sourceTree = "<group>"; };
		06C5AB8224D9DAEB001D5556 /* Orientation.swift */ = {isa = PBXFileReference; fileEncoding = 4; lastKnownFileType = sourcecode.swift; name = Orientation.swift; path = "../../../../Downloads/SwiftyCam-master/Source/Orientation.swift"; sourceTree = "<group>"; };
		06C5AB8324D9DAEB001D5556 /* SwiftyCamViewControllerDelegate.swift */ = {isa = PBXFileReference; fileEncoding = 4; lastKnownFileType = sourcecode.swift; name = SwiftyCamViewControllerDelegate.swift; path = "../../../../Downloads/SwiftyCam-master/Source/SwiftyCamViewControllerDelegate.swift"; sourceTree = "<group>"; };
		06C5AB8924D9DB1C001D5556 /* SwiftyRecordButton.swift */ = {isa = PBXFileReference; lastKnownFileType = sourcecode.swift; path = SwiftyRecordButton.swift; sourceTree = "<group>"; };
		06C5AC6124DF0153001D5556 /* PlayController.swift */ = {isa = PBXFileReference; lastKnownFileType = sourcecode.swift; path = PlayController.swift; sourceTree = "<group>"; };
		06FD965A23441DA300C4E81D /* Variables.swift */ = {isa = PBXFileReference; lastKnownFileType = sourcecode.swift; path = Variables.swift; sourceTree = "<group>"; };
		AE9A1662223D9C2600E06531 /* NameViewController.swift */ = {isa = PBXFileReference; lastKnownFileType = sourcecode.swift; path = NameViewController.swift; sourceTree = "<group>"; };
		AEDF12BE223C161C008A702D /* Howlerr.app */ = {isa = PBXFileReference; explicitFileType = wrapper.application; includeInIndex = 0; path = Howlerr.app; sourceTree = BUILT_PRODUCTS_DIR; };
		AEDF12C1223C161C008A702D /* AppDelegate.swift */ = {isa = PBXFileReference; lastKnownFileType = sourcecode.swift; path = AppDelegate.swift; sourceTree = "<group>"; };
		AEDF12C3223C161C008A702D /* ViewController.swift */ = {isa = PBXFileReference; lastKnownFileType = sourcecode.swift; path = ViewController.swift; sourceTree = "<group>"; };
		AEDF12C6223C161C008A702D /* Base */ = {isa = PBXFileReference; lastKnownFileType = file.storyboard; name = Base; path = Base.lproj/Main.storyboard; sourceTree = "<group>"; };
		AEDF12C8223C161D008A702D /* Assets.xcassets */ = {isa = PBXFileReference; lastKnownFileType = folder.assetcatalog; path = Assets.xcassets; sourceTree = "<group>"; };
		AEDF12CB223C161D008A702D /* Base */ = {isa = PBXFileReference; lastKnownFileType = file.storyboard; name = Base; path = Base.lproj/LaunchScreen.storyboard; sourceTree = "<group>"; };
		AEDF12CD223C161D008A702D /* Info.plist */ = {isa = PBXFileReference; lastKnownFileType = text.plist.xml; path = Info.plist; sourceTree = "<group>"; };
		AEDF12D7223C1F60008A702D /* Question.swift */ = {isa = PBXFileReference; lastKnownFileType = sourcecode.swift; path = Question.swift; sourceTree = "<group>"; };
		AEDF12D9223C2467008A702D /* QuestionBank.swift */ = {isa = PBXFileReference; lastKnownFileType = sourcecode.swift; path = QuestionBank.swift; sourceTree = "<group>"; };
		AEDF12FB223C3388008A702D /* Default-568h@2x.png */ = {isa = PBXFileReference; lastKnownFileType = image.png; path = "Default-568h@2x.png"; sourceTree = "<group>"; };
/* End PBXFileReference section */

/* Begin PBXFrameworksBuildPhase section */
		AEDF12BB223C161C008A702D /* Frameworks */ = {
			isa = PBXFrameworksBuildPhase;
			buildActionMask = 2147483647;
			files = (
			);
			runOnlyForDeploymentPostprocessing = 0;
		};
/* End PBXFrameworksBuildPhase section */

/* Begin PBXGroup section */
		AEDF12B5223C161C008A702D = {
			isa = PBXGroup;
			children = (
				067CEC9F250D656F00718007 /* loading-big.gif */,
				067CEC72250D650A00718007 /* 0.mp3 */,
				067CEC73250D650A00718007 /* 1a.mp3 */,
				067CEC56250D650600718007 /* 1b.mp3 */,
				067CEC65250D650800718007 /* 1c.mp3 */,
				067CEC6E250D650900718007 /* 1d.mp3 */,
				067CEC6F250D650900718007 /* 2a.mp3 */,
				067CEC64250D650800718007 /* 2b.mp3 */,
				067CEC74250D650A00718007 /* 2c.mp3 */,
				067CEC57250D650600718007 /* 2d.mp3 */,
				067CEC5A250D650600718007 /* 3a.mp3 */,
				067CEC76250D650A00718007 /* 3b.mp3 */,
				067CEC55250D650600718007 /* 3c.mp3 */,
				067CEC6D250D650900718007 /* 3d.mp3 */,
				067CEC68250D650900718007 /* 4a.mp3 */,
				067CEC60250D650700718007 /* 4b.mp3 */,
				067CEC5C250D650700718007 /* 4c.mp3 */,
				067CEC62250D650800718007 /* 4d.mp3 */,
				067CEC71250D650A00718007 /* 5a.mp3 */,
				067CEC70250D650900718007 /* 5b.mp3 */,
				067CEC63250D650800718007 /* 5c.mp3 */,
				067CEC61250D650700718007 /* 5d.mp3 */,
				067CEC6B250D650900718007 /* 6a.mp3 */,
				067CEC67250D650800718007 /* 6b.mp3 */,
				067CEC5F250D650700718007 /* 6c.mp3 */,
				067CEC6A250D650900718007 /* 6d.mp3 */,
				067CEC6C250D650900718007 /* 7a.mp3 */,
				067CEC59250D650600718007 /* 7b.mp3 */,
				067CEC5B250D650700718007 /* 7c.mp3 */,
				067CEC77250D650A00718007 /* 7d.mp3 */,
				067CEC66250D650800718007 /* 8a.mp3 */,
				067CEC69250D650900718007 /* 8b.mp3 */,
				067CEC5D250D650700718007 /* 8c.mp3 */,
				067CEC78250D650A00718007 /* 8d.mp3 */,
				067CEC75250D650A00718007 /* theme1.mp3 */,
				067CEC5E250D650700718007 /* theme2.mp3 */,
				067CEC58250D650600718007 /* theme3.mp3 */,
				067CEC79250D650B00718007 /* theme4.mp3 */,
				AEDF12FB223C3388008A702D /* Default-568h@2x.png */,
				AEDF12C0223C161C008A702D /* Dog Theme Song */,
				AEDF12BF223C161C008A702D /* Products */,
			);
			sourceTree = "<group>";
		};
		AEDF12BF223C161C008A702D /* Products */ = {
			isa = PBXGroup;
			children = (
				AEDF12BE223C161C008A702D /* Howlerr.app */,
			);
			name = Products;
			sourceTree = "<group>";
		};
		AEDF12C0223C161C008A702D /* Dog Theme Song */ = {
			isa = PBXGroup;
			children = (
				AEDF12D6223C1F39008A702D /* Model */,
				AEDF12D3223C1ADF008A702D /* Controller */,
				AEDF12D4223C1AFF008A702D /* View */,
				AEDF12D5223C1B13008A702D /* Supporting Files */,
				06FD965A23441DA300C4E81D /* Variables.swift */,
			);
			path = "Dog Theme Song";
			sourceTree = "<group>";
		};
		AEDF12D3223C1ADF008A702D /* Controller */ = {
			isa = PBXGroup;
			children = (
				0670AF1224E066650044A480 /* SSRadioButton.swift */,
				0670AF1324E066650044A480 /* SSRadioButtonsController.swift */,
				06C5AB8224D9DAEB001D5556 /* Orientation.swift */,
				06C5AB7F24D9DAEB001D5556 /* PreviewView.swift */,
				06C5AB8124D9DAEB001D5556 /* SwiftyCamButton.swift */,
				06C5AB8024D9DAEB001D5556 /* SwiftyCamViewController.swift */,
				06C5AB8324D9DAEB001D5556 /* SwiftyCamViewControllerDelegate.swift */,
				AEDF12C1223C161C008A702D /* AppDelegate.swift */,
				AEDF12C3223C161C008A702D /* ViewController.swift */,
				AE9A1662223D9C2600E06531 /* NameViewController.swift */,
				06C5AB6F24D9D61B001D5556 /* VideoController.swift */,
				06C5AB7124D9D88C001D5556 /* VideoViewController.swift */,
				06C5AB8924D9DB1C001D5556 /* SwiftyRecordButton.swift */,
				06C5AC6124DF0153001D5556 /* PlayController.swift */,
				067CEBC924E239F300718007 /* SpinnerViewController.swift */,
				067CEBCB24E58D5900718007 /* MFController.swift */,
			);
			path = Controller;
			sourceTree = "<group>";
		};
		AEDF12D4223C1AFF008A702D /* View */ = {
			isa = PBXGroup;
			children = (
				AEDF12C5223C161C008A702D /* Main.storyboard */,
				AEDF12C8223C161D008A702D /* Assets.xcassets */,
			);
			path = View;
			sourceTree = "<group>";
		};
		AEDF12D5223C1B13008A702D /* Supporting Files */ = {
			isa = PBXGroup;
			children = (
				AEDF12CA223C161D008A702D /* LaunchScreen.storyboard */,
				AEDF12CD223C161D008A702D /* Info.plist */,
			);
			path = "Supporting Files";
			sourceTree = "<group>";
		};
		AEDF12D6223C1F39008A702D /* Model */ = {
			isa = PBXGroup;
			children = (
				AEDF12D7223C1F60008A702D /* Question.swift */,
				AEDF12D9223C2467008A702D /* QuestionBank.swift */,
			);
			path = Model;
			sourceTree = "<group>";
		};
/* End PBXGroup section */

/* Begin PBXNativeTarget section */
		AEDF12BD223C161C008A702D /* Dog Theme Song */ = {
			isa = PBXNativeTarget;
			buildConfigurationList = AEDF12D0223C161D008A702D /* Build configuration list for PBXNativeTarget "Dog Theme Song" */;
			buildPhases = (
				AEDF12BA223C161C008A702D /* Sources */,
				AEDF12BB223C161C008A702D /* Frameworks */,
				AEDF12BC223C161C008A702D /* Resources */,
				06C5ABD824DC7156001D5556 /* Embed Frameworks */,
			);
			buildRules = (
			);
			dependencies = (
			);
			name = "Dog Theme Song";
			productName = "Dog Theme Song";
			productReference = AEDF12BE223C161C008A702D /* Howlerr.app */;
			productType = "com.apple.product-type.application";
		};
/* End PBXNativeTarget section */

/* Begin PBXProject section */
		AEDF12B6223C161C008A702D /* Project object */ = {
			isa = PBXProject;
			attributes = {
				LastSwiftUpdateCheck = 1010;
				LastUpgradeCheck = 1010;
				ORGANIZATIONNAME = "Gwen Friedman";
				TargetAttributes = {
					AEDF12BD223C161C008A702D = {
						CreatedOnToolsVersion = 10.1;
					};
				};
			};
			buildConfigurationList = AEDF12B9223C161C008A702D /* Build configuration list for PBXProject "Dog Theme Song-copy" */;
			compatibilityVersion = "Xcode 9.3";
			developmentRegion = en;
			hasScannedForEncodings = 0;
			knownRegions = (
				en,
				Base,
			);
			mainGroup = AEDF12B5223C161C008A702D;
			productRefGroup = AEDF12BF223C161C008A702D /* Products */;
			projectDirPath = "";
			projectRoot = "";
			targets = (
				AEDF12BD223C161C008A702D /* Dog Theme Song */,
			);
		};
/* End PBXProject section */

/* Begin PBXResourcesBuildPhase section */
		AEDF12BC223C161C008A702D /* Resources */ = {
			isa = PBXResourcesBuildPhase;
			buildActionMask = 2147483647;
			files = (
				067CECA0250D656F00718007 /* loading-big.gif in Resources */,
				067CEC7A250D650B00718007 /* 3c.mp3 in Resources */,
				067CEC7B250D650B00718007 /* 1b.mp3 in Resources */,
				067CEC7C250D650B00718007 /* 2d.mp3 in Resources */,
				067CEC7D250D650B00718007 /* theme3.mp3 in Resources */,
				067CEC7E250D650B00718007 /* 7b.mp3 in Resources */,
				067CEC7F250D650B00718007 /* 3a.mp3 in Resources */,
				067CEC80250D650B00718007 /* 7c.mp3 in Resources */,
				067CEC81250D650B00718007 /* 4c.mp3 in Resources */,
				067CEC82250D650B00718007 /* 8c.mp3 in Resources */,
				067CEC83250D650B00718007 /* theme2.mp3 in Resources */,
				067CEC84250D650B00718007 /* 6c.mp3 in Resources */,
				067CEC85250D650B00718007 /* 4b.mp3 in Resources */,
				067CEC86250D650B00718007 /* 5d.mp3 in Resources */,
				067CEC87250D650B00718007 /* 4d.mp3 in Resources */,
				067CEC88250D650B00718007 /* 5c.mp3 in Resources */,
				067CEC89250D650B00718007 /* 2b.mp3 in Resources */,
				067CEC8A250D650B00718007 /* 1c.mp3 in Resources */,
				067CEC8B250D650B00718007 /* 8a.mp3 in Resources */,
				067CEC8C250D650B00718007 /* 6b.mp3 in Resources */,
				067CEC8D250D650B00718007 /* 4a.mp3 in Resources */,
				067CEC8E250D650B00718007 /* 8b.mp3 in Resources */,
				067CEC8F250D650B00718007 /* 6d.mp3 in Resources */,
				067CEC90250D650B00718007 /* 6a.mp3 in Resources */,
				067CEC91250D650B00718007 /* 7a.mp3 in Resources */,
				067CEC92250D650B00718007 /* 3d.mp3 in Resources */,
				067CEC93250D650B00718007 /* 1d.mp3 in Resources */,
				067CEC94250D650B00718007 /* 2a.mp3 in Resources */,
				067CEC95250D650B00718007 /* 5b.mp3 in Resources */,
				067CEC96250D650B00718007 /* 5a.mp3 in Resources */,
				067CEC97250D650B00718007 /* 0.mp3 in Resources */,
				067CEC98250D650B00718007 /* 1a.mp3 in Resources */,
				067CEC99250D650B00718007 /* 2c.mp3 in Resources */,
				067CEC9A250D650B00718007 /* theme1.mp3 in Resources */,
				067CEC9B250D650B00718007 /* 3b.mp3 in Resources */,
				067CEC9C250D650B00718007 /* 7d.mp3 in Resources */,
				067CEC9D250D650B00718007 /* 8d.mp3 in Resources */,
				067CEC9E250D650B00718007 /* theme4.mp3 in Resources */,
				AEDF12CC223C161D008A702D /* LaunchScreen.storyboard in Resources */,
				AEDF12FC223C3388008A702D /* Default-568h@2x.png in Resources */,
				AEDF12C9223C161D008A702D /* Assets.xcassets in Resources */,
				AEDF12C7223C161C008A702D /* Main.storyboard in Resources */,
			);
			runOnlyForDeploymentPostprocessing = 0;
		};
/* End PBXResourcesBuildPhase section */

/* Begin PBXSourcesBuildPhase section */
		AEDF12BA223C161C008A702D /* Sources */ = {
			isa = PBXSourcesBuildPhase;
			buildActionMask = 2147483647;
			files = (
				06C5AB8824D9DAEB001D5556 /* SwiftyCamViewControllerDelegate.swift in Sources */,
				06C5AB8724D9DAEB001D5556 /* Orientation.swift in Sources */,
				0670AF1424E066650044A480 /* SSRadioButton.swift in Sources */,
				AEDF12D8223C1F60008A702D /* Question.swift in Sources */,
				06FD965B23441DA300C4E81D /* Variables.swift in Sources */,
				AEDF12DA223C2467008A702D /* QuestionBank.swift in Sources */,
				067CEBCA24E239F300718007 /* SpinnerViewController.swift in Sources */,
				06C5AB8424D9DAEB001D5556 /* PreviewView.swift in Sources */,
				06C5AC6224DF0153001D5556 /* PlayController.swift in Sources */,
				06C5AB7024D9D61B001D5556 /* VideoController.swift in Sources */,
				06C5AB7224D9D88C001D5556 /* VideoViewController.swift in Sources */,
				067CEBCC24E58D5900718007 /* MFController.swift in Sources */,
				06C5AB8A24D9DB1C001D5556 /* SwiftyRecordButton.swift in Sources */,
				06C5AB8524D9DAEB001D5556 /* SwiftyCamViewController.swift in Sources */,
				AEDF12C4223C161C008A702D /* ViewController.swift in Sources */,
				0670AF1524E066650044A480 /* SSRadioButtonsController.swift in Sources */,
				AEDF12C2223C161C008A702D /* AppDelegate.swift in Sources */,
				06C5AB8624D9DAEB001D5556 /* SwiftyCamButton.swift in Sources */,
				AE9A1663223D9C2600E06531 /* NameViewController.swift in Sources */,
			);
			runOnlyForDeploymentPostprocessing = 0;
		};
/* End PBXSourcesBuildPhase section */

/* Begin PBXVariantGroup section */
		AEDF12C5223C161C008A702D /* Main.storyboard */ = {
			isa = PBXVariantGroup;
			children = (
				AEDF12C6223C161C008A702D /* Base */,
			);
			name = Main.storyboard;
			sourceTree = "<group>";
		};
		AEDF12CA223C161D008A702D /* LaunchScreen.storyboard */ = {
			isa = PBXVariantGroup;
			children = (
				AEDF12CB223C161D008A702D /* Base */,
			);
			name = LaunchScreen.storyboard;
			sourceTree = "<group>";
		};
/* End PBXVariantGroup section */

/* Begin XCBuildConfiguration section */
		AEDF12CE223C161D008A702D /* Debug */ = {
			isa = XCBuildConfiguration;
			buildSettings = {
				ALWAYS_SEARCH_USER_PATHS = NO;
				CLANG_ANALYZER_NONNULL = YES;
				CLANG_ANALYZER_NUMBER_OBJECT_CONVERSION = YES_AGGRESSIVE;
				CLANG_CXX_LANGUAGE_STANDARD = "gnu++14";
				CLANG_CXX_LIBRARY = "libc++";
				CLANG_ENABLE_MODULES = YES;
				CLANG_ENABLE_OBJC_ARC = YES;
				CLANG_ENABLE_OBJC_WEAK = YES;
				CLANG_WARN_BLOCK_CAPTURE_AUTORELEASING = YES;
				CLANG_WARN_BOOL_CONVERSION = YES;
				CLANG_WARN_COMMA = YES;
				CLANG_WARN_CONSTANT_CONVERSION = YES;
				CLANG_WARN_DEPRECATED_OBJC_IMPLEMENTATIONS = YES;
				CLANG_WARN_DIRECT_OBJC_ISA_USAGE = YES_ERROR;
				CLANG_WARN_DOCUMENTATION_COMMENTS = YES;
				CLANG_WARN_EMPTY_BODY = YES;
				CLANG_WARN_ENUM_CONVERSION = YES;
				CLANG_WARN_INFINITE_RECURSION = YES;
				CLANG_WARN_INT_CONVERSION = YES;
				CLANG_WARN_NON_LITERAL_NULL_CONVERSION = YES;
				CLANG_WARN_OBJC_IMPLICIT_RETAIN_SELF = YES;
				CLANG_WARN_OBJC_LITERAL_CONVERSION = YES;
				CLANG_WARN_OBJC_ROOT_CLASS = YES_ERROR;
				CLANG_WARN_RANGE_LOOP_ANALYSIS = YES;
				CLANG_WARN_STRICT_PROTOTYPES = YES;
				CLANG_WARN_SUSPICIOUS_MOVE = YES;
				CLANG_WARN_UNGUARDED_AVAILABILITY = YES_AGGRESSIVE;
				CLANG_WARN_UNREACHABLE_CODE = YES;
				CLANG_WARN__DUPLICATE_METHOD_MATCH = YES;
				CODE_SIGN_IDENTITY = "iPhone Developer";
				COPY_PHASE_STRIP = NO;
				DEBUG_INFORMATION_FORMAT = dwarf;
				ENABLE_STRICT_OBJC_MSGSEND = YES;
				ENABLE_TESTABILITY = YES;
				GCC_C_LANGUAGE_STANDARD = gnu11;
				GCC_DYNAMIC_NO_PIC = NO;
				GCC_NO_COMMON_BLOCKS = YES;
				GCC_OPTIMIZATION_LEVEL = 0;
				GCC_PREPROCESSOR_DEFINITIONS = (
					"DEBUG=1",
					"$(inherited)",
				);
				GCC_WARN_64_TO_32_BIT_CONVERSION = YES;
				GCC_WARN_ABOUT_RETURN_TYPE = YES_ERROR;
				GCC_WARN_UNDECLARED_SELECTOR = YES;
				GCC_WARN_UNINITIALIZED_AUTOS = YES_AGGRESSIVE;
				GCC_WARN_UNUSED_FUNCTION = YES;
				GCC_WARN_UNUSED_VARIABLE = YES;
				IPHONEOS_DEPLOYMENT_TARGET = 12.2;
				MTL_ENABLE_DEBUG_INFO = INCLUDE_SOURCE;
				MTL_FAST_MATH = YES;
				ONLY_ACTIVE_ARCH = YES;
				SDKROOT = iphoneos;
				SWIFT_ACTIVE_COMPILATION_CONDITIONS = DEBUG;
				SWIFT_OPTIMIZATION_LEVEL = "-Onone";
			};
			name = Debug;
		};
		AEDF12CF223C161D008A702D /* Release */ = {
			isa = XCBuildConfiguration;
			buildSettings = {
				ALWAYS_SEARCH_USER_PATHS = NO;
				CLANG_ANALYZER_NONNULL = YES;
				CLANG_ANALYZER_NUMBER_OBJECT_CONVERSION = YES_AGGRESSIVE;
				CLANG_CXX_LANGUAGE_STANDARD = "gnu++14";
				CLANG_CXX_LIBRARY = "libc++";
				CLANG_ENABLE_MODULES = YES;
				CLANG_ENABLE_OBJC_ARC = YES;
				CLANG_ENABLE_OBJC_WEAK = YES;
				CLANG_WARN_BLOCK_CAPTURE_AUTORELEASING = YES;
				CLANG_WARN_BOOL_CONVERSION = YES;
				CLANG_WARN_COMMA = YES;
				CLANG_WARN_CONSTANT_CONVERSION = YES;
				CLANG_WARN_DEPRECATED_OBJC_IMPLEMENTATIONS = YES;
				CLANG_WARN_DIRECT_OBJC_ISA_USAGE = YES_ERROR;
				CLANG_WARN_DOCUMENTATION_COMMENTS = YES;
				CLANG_WARN_EMPTY_BODY = YES;
				CLANG_WARN_ENUM_CONVERSION = YES;
				CLANG_WARN_INFINITE_RECURSION = YES;
				CLANG_WARN_INT_CONVERSION = YES;
				CLANG_WARN_NON_LITERAL_NULL_CONVERSION = YES;
				CLANG_WARN_OBJC_IMPLICIT_RETAIN_SELF = YES;
				CLANG_WARN_OBJC_LITERAL_CONVERSION = YES;
				CLANG_WARN_OBJC_ROOT_CLASS = YES_ERROR;
				CLANG_WARN_RANGE_LOOP_ANALYSIS = YES;
				CLANG_WARN_STRICT_PROTOTYPES = YES;
				CLANG_WARN_SUSPICIOUS_MOVE = YES;
				CLANG_WARN_UNGUARDED_AVAILABILITY = YES_AGGRESSIVE;
				CLANG_WARN_UNREACHABLE_CODE = YES;
				CLANG_WARN__DUPLICATE_METHOD_MATCH = YES;
				CODE_SIGN_IDENTITY = "iPhone Developer";
				COPY_PHASE_STRIP = NO;
				DEBUG_INFORMATION_FORMAT = "dwarf-with-dsym";
				ENABLE_NS_ASSERTIONS = NO;
				ENABLE_STRICT_OBJC_MSGSEND = YES;
				GCC_C_LANGUAGE_STANDARD = gnu11;
				GCC_NO_COMMON_BLOCKS = YES;
				GCC_WARN_64_TO_32_BIT_CONVERSION = YES;
				GCC_WARN_ABOUT_RETURN_TYPE = YES_ERROR;
				GCC_WARN_UNDECLARED_SELECTOR = YES;
				GCC_WARN_UNINITIALIZED_AUTOS = YES_AGGRESSIVE;
				GCC_WARN_UNUSED_FUNCTION = YES;
				GCC_WARN_UNUSED_VARIABLE = YES;
				IPHONEOS_DEPLOYMENT_TARGET = 12.2;
				MTL_ENABLE_DEBUG_INFO = NO;
				MTL_FAST_MATH = YES;
				SDKROOT = iphoneos;
				SWIFT_COMPILATION_MODE = wholemodule;
				SWIFT_OPTIMIZATION_LEVEL = "-O";
				VALIDATE_PRODUCT = YES;
			};
			name = Release;
		};
		AEDF12D1223C161D008A702D /* Debug */ = {
			isa = XCBuildConfiguration;
			buildSettings = {
				ASSETCATALOG_COMPILER_APPICON_NAME = AppIcon;
				CODE_SIGN_STYLE = Automatic;
				CURRENT_PROJECT_VERSION = 4;
				DEVELOPMENT_TEAM = AUM9368RBU;
				FRAMEWORK_SEARCH_PATHS = (
					"$(inherited)",
					"$(PROJECT_DIR)/Carthage/Build/iOS",
				);
				INFOPLIST_FILE = "$(SRCROOT)/Dog Theme Song/Supporting Files/Info.plist";
				IPHONEOS_DEPLOYMENT_TARGET = 13.0;
				LD_RUNPATH_SEARCH_PATHS = (
					"$(inherited)",
					"@executable_path/Frameworks",
				);
				MARKETING_VERSION = 1.0.4;
				PRODUCT_BUNDLE_IDENTIFIER = "Gwen-Friedman.Wooof";
				PRODUCT_NAME = Howlerr;
				SWIFT_VERSION = 4.2;
				TARGETED_DEVICE_FAMILY = "1,2";
			};
			name = Debug;
		};
		AEDF12D2223C161D008A702D /* Release */ = {
			isa = XCBuildConfiguration;
			buildSettings = {
				ASSETCATALOG_COMPILER_APPICON_NAME = AppIcon;
				CODE_SIGN_STYLE = Automatic;
				CURRENT_PROJECT_VERSION = 4;
				DEVELOPMENT_TEAM = AUM9368RBU;
				FRAMEWORK_SEARCH_PATHS = (
					"$(inherited)",
					"$(PROJECT_DIR)/Carthage/Build/iOS",
				);
				INFOPLIST_FILE = "$(SRCROOT)/Dog Theme Song/Supporting Files/Info.plist";
				IPHONEOS_DEPLOYMENT_TARGET = 13.0;
				LD_RUNPATH_SEARCH_PATHS = (
					"$(inherited)",
					"@executable_path/Frameworks",
				);
				MARKETING_VERSION = 1.0.4;
				PRODUCT_BUNDLE_IDENTIFIER = "Gwen-Friedman.Wooof";
				PRODUCT_NAME = Howlerr;
				SWIFT_VERSION = 4.2;
				TARGETED_DEVICE_FAMILY = "1,2";
			};
			name = Release;
		};
/* End XCBuildConfiguration section */

/* Begin XCConfigurationList section */
		AEDF12B9223C161C008A702D /* Build configuration list for PBXProject "Dog Theme Song-copy" */ = {
			isa = XCConfigurationList;
			buildConfigurations = (
				AEDF12CE223C161D008A702D /* Debug */,
				AEDF12CF223C161D008A702D /* Release */,
			);
			defaultConfigurationIsVisible = 0;
			defaultConfigurationName = Release;
		};
		AEDF12D0223C161D008A702D /* Build configuration list for PBXNativeTarget "Dog Theme Song" */ = {
			isa = XCConfigurationList;
			buildConfigurations = (
				AEDF12D1223C161D008A702D /* Debug */,
				AEDF12D2223C161D008A702D /* Release */,
			);
			defaultConfigurationIsVisible = 0;
			defaultConfigurationName = Release;
		};
/* End XCConfigurationList section */
	};
	rootObject = AEDF12B6223C161C008A702D /* Project object */;
}
